
Microsoft Visual Studio Solution File, Format Version 12.00
# Visual Studio Version 17
VisualStudioVersion = 17.3.32901.215
MinimumVisualStudioVersion = 10.0.40219.1
Project("{9A19103F-16F7-4668-BE54-9A1E7A4F7556}") = "OnlineNetBankingWebAPI", "OnlineNetBankingWebAPI\OnlineNetBankingWebAPI.csproj", "{51B5B6CA-2EFA-4BA1-9869-9B6E47BC67D7}"
EndProject
Project("{FAE04EC0-301F-11D3-BF4B-00C04F79EFBC}") = "BankDBFirstLib", "BankDBFirstLib\BankDBFirstLib.csproj", "{822F42FF-FF59-4EDC-BEC0-89A14896B66A}"
EndProject
Global
	GlobalSection(SolutionConfigurationPlatforms) = preSolution
		Debug|Any CPU = Debug|Any CPU
		Release|Any CPU = Release|Any CPU
	EndGlobalSection
	GlobalSection(ProjectConfigurationPlatforms) = postSolution
		{51B5B6CA-2EFA-4BA1-9869-9B6E47BC67D7}.Debug|Any CPU.ActiveCfg = Debug|Any CPU
		{51B5B6CA-2EFA-4BA1-9869-9B6E47BC67D7}.Debug|Any CPU.Build.0 = Debug|Any CPU
		{51B5B6CA-2EFA-4BA1-9869-9B6E47BC67D7}.Release|Any CPU.ActiveCfg = Release|Any CPU
		{51B5B6CA-2EFA-4BA1-9869-9B6E47BC67D7}.Release|Any CPU.Build.0 = Release|Any CPU
		{822F42FF-FF59-4EDC-BEC0-89A14896B66A}.Debug|Any CPU.ActiveCfg = Debug|Any CPU
		{822F42FF-FF59-4EDC-BEC0-89A14896B66A}.Debug|Any CPU.Build.0 = Debug|Any CPU
		{822F42FF-FF59-4EDC-BEC0-89A14896B66A}.Release|Any CPU.ActiveCfg = Release|Any CPU
		{822F42FF-FF59-4EDC-BEC0-89A14896B66A}.Release|Any CPU.Build.0 = Release|Any CPU
	EndGlobalSection
	GlobalSection(SolutionProperties) = preSolution
		HideSolutionNode = FALSE
	EndGlobalSection
	GlobalSection(ExtensibilityGlobals) = postSolution
		SolutionGuid = {67E42681-5458-4773-99E9-CA74F46AE745}
	EndGlobalSection
EndGlobal
